
Microsoft Visual Studio Solution File, Format Version 12.00
# Visual Studio Version 16
VisualStudioVersion = 16.0.34601.136
MinimumVisualStudioVersion = 10.0.40219.1
Project("{FAE04EC0-301F-11D3-BF4B-00C04F79EFBC}") = "Unisuper", "Unisuper\Unisuper.csproj", "{B79C0861-B96D-4BE0-A80B-F9AEFF7BF233}"
EndProject
Project("{FAE04EC0-301F-11D3-BF4B-00C04F79EFBC}") = "Modelo", "Modelo\Modelo.csproj", "{4E46CBF8-DCCB-4A36-ACF5-35A72FB1FBF1}"
EndProject
Global
	GlobalSection(SolutionConfigurationPlatforms) = preSolution
		Debug|Any CPU = Debug|Any CPU
		Release|Any CPU = Release|Any CPU
	EndGlobalSection
	GlobalSection(ProjectConfigurationPlatforms) = postSolution
		{B79C0861-B96D-4BE0-A80B-F9AEFF7BF233}.Debug|Any CPU.ActiveCfg = Debug|Any CPU
		{B79C0861-B96D-4BE0-A80B-F9AEFF7BF233}.Debug|Any CPU.Build.0 = Debug|Any CPU
		{B79C0861-B96D-4BE0-A80B-F9AEFF7BF233}.Release|Any CPU.ActiveCfg = Release|Any CPU
		{B79C0861-B96D-4BE0-A80B-F9AEFF7BF233}.Release|Any CPU.Build.0 = Release|Any CPU
		{4E46CBF8-DCCB-4A36-ACF5-35A72FB1FBF1}.Debug|Any CPU.ActiveCfg = Debug|Any CPU
		{4E46CBF8-DCCB-4A36-ACF5-35A72FB1FBF1}.Debug|Any CPU.Build.0 = Debug|Any CPU
		{4E46CBF8-DCCB-4A36-ACF5-35A72FB1FBF1}.Release|Any CPU.ActiveCfg = Release|Any CPU
		{4E46CBF8-DCCB-4A36-ACF5-35A72FB1FBF1}.Release|Any CPU.Build.0 = Release|Any CPU
	EndGlobalSection
	GlobalSection(SolutionProperties) = preSolution
		HideSolutionNode = FALSE
	EndGlobalSection
	GlobalSection(ExtensibilityGlobals) = postSolution
		SolutionGuid = {C90091F3-4635-417C-B4F1-D9768AA0D30A}
	EndGlobalSection
EndGlobal
